
Microsoft Visual Studio Solution File, Format Version 12.00
# Visual Studio Version 17
VisualStudioVersion = 17.14.36717.8 d17.14
MinimumVisualStudioVersion = 10.0.40219.1
Project("{FAE04EC0-301F-11D3-BF4B-00C04F79EFBC}") = "TestxUnit", "TestxUnit\TestxUnit.csproj", "{AB32702B-620C-4AFF-856A-2750C516EE96}"
EndProject
Project("{FAE04EC0-301F-11D3-BF4B-00C04F79EFBC}") = "TestxUnit.Methods", "TestxUnit.Methods\TestxUnit.Methods.csproj", "{352BBD53-AB37-4AFA-98F3-E1151CB440FC}"
EndProject
Global
	GlobalSection(SolutionConfigurationPlatforms) = preSolution
		Debug|Any CPU = Debug|Any CPU
		Release|Any CPU = Release|Any CPU
	EndGlobalSection
	GlobalSection(ProjectConfigurationPlatforms) = postSolution
		{AB32702B-620C-4AFF-856A-2750C516EE96}.Debug|Any CPU.ActiveCfg = Debug|Any CPU
		{AB32702B-620C-4AFF-856A-2750C516EE96}.Debug|Any CPU.Build.0 = Debug|Any CPU
		{AB32702B-620C-4AFF-856A-2750C516EE96}.Release|Any CPU.ActiveCfg = Release|Any CPU
		{AB32702B-620C-4AFF-856A-2750C516EE96}.Release|Any CPU.Build.0 = Release|Any CPU
		{352BBD53-AB37-4AFA-98F3-E1151CB440FC}.Debug|Any CPU.ActiveCfg = Debug|Any CPU
		{352BBD53-AB37-4AFA-98F3-E1151CB440FC}.Debug|Any CPU.Build.0 = Debug|Any CPU
		{352BBD53-AB37-4AFA-98F3-E1151CB440FC}.Release|Any CPU.ActiveCfg = Release|Any CPU
		{352BBD53-AB37-4AFA-98F3-E1151CB440FC}.Release|Any CPU.Build.0 = Release|Any CPU
	EndGlobalSection
	GlobalSection(SolutionProperties) = preSolution
		HideSolutionNode = FALSE
	EndGlobalSection
	GlobalSection(ExtensibilityGlobals) = postSolution
		SolutionGuid = {4D69D9E5-CAEF-4349-8FEC-94A60277CE9B}
	EndGlobalSection
EndGlobal
